
Microsoft Visual Studio Solution File, Format Version 12.00
# Visual Studio 14
VisualStudioVersion = 14.0.24720.0
MinimumVisualStudioVersion = 10.0.40219.1
Project("{FAE04EC0-301F-11D3-BF4B-00C04F79EFBC}") = "MySender", "MySender\MySender.csproj", "{8AB4D36A-9743-4092-84F7-327D24D4A977}"
EndProject
Project("{FAE04EC0-301F-11D3-BF4B-00C04F79EFBC}") = "WebJobHost", "WebJobHost\WebJobHost.csproj", "{5E7427C6-8E93-41F7-9C0D-A7D55170F27D}"
EndProject
Project("{FAE04EC0-301F-11D3-BF4B-00C04F79EFBC}") = "LogReceiver", "LogReceiver\LogReceiver.csproj", "{BA9EBE40-099F-40C5-8955-1BFD6A1598F7}"
EndProject
Project("{FAE04EC0-301F-11D3-BF4B-00C04F79EFBC}") = "LogReceiverSyphon", "LogReceiverSyphon\LogReceiverSyphon.csproj", "{B57FE73F-1910-496F-A541-952370E3D81C}"
EndProject
Global
	GlobalSection(SolutionConfigurationPlatforms) = preSolution
		Debug|Any CPU = Debug|Any CPU
		Release|Any CPU = Release|Any CPU
	EndGlobalSection
	GlobalSection(ProjectConfigurationPlatforms) = postSolution
		{8AB4D36A-9743-4092-84F7-327D24D4A977}.Debug|Any CPU.ActiveCfg = Debug|Any CPU
		{8AB4D36A-9743-4092-84F7-327D24D4A977}.Debug|Any CPU.Build.0 = Debug|Any CPU
		{8AB4D36A-9743-4092-84F7-327D24D4A977}.Release|Any CPU.ActiveCfg = Release|Any CPU
		{8AB4D36A-9743-4092-84F7-327D24D4A977}.Release|Any CPU.Build.0 = Release|Any CPU
		{5E7427C6-8E93-41F7-9C0D-A7D55170F27D}.Debug|Any CPU.ActiveCfg = Debug|Any CPU
		{5E7427C6-8E93-41F7-9C0D-A7D55170F27D}.Debug|Any CPU.Build.0 = Debug|Any CPU
		{5E7427C6-8E93-41F7-9C0D-A7D55170F27D}.Release|Any CPU.ActiveCfg = Release|Any CPU
		{5E7427C6-8E93-41F7-9C0D-A7D55170F27D}.Release|Any CPU.Build.0 = Release|Any CPU
		{BA9EBE40-099F-40C5-8955-1BFD6A1598F7}.Debug|Any CPU.ActiveCfg = Debug|Any CPU
		{BA9EBE40-099F-40C5-8955-1BFD6A1598F7}.Debug|Any CPU.Build.0 = Debug|Any CPU
		{BA9EBE40-099F-40C5-8955-1BFD6A1598F7}.Release|Any CPU.ActiveCfg = Release|Any CPU
		{BA9EBE40-099F-40C5-8955-1BFD6A1598F7}.Release|Any CPU.Build.0 = Release|Any CPU
		{B57FE73F-1910-496F-A541-952370E3D81C}.Debug|Any CPU.ActiveCfg = Debug|Any CPU
		{B57FE73F-1910-496F-A541-952370E3D81C}.Debug|Any CPU.Build.0 = Debug|Any CPU
		{B57FE73F-1910-496F-A541-952370E3D81C}.Release|Any CPU.ActiveCfg = Release|Any CPU
		{B57FE73F-1910-496F-A541-952370E3D81C}.Release|Any CPU.Build.0 = Release|Any CPU
	EndGlobalSection
	GlobalSection(SolutionProperties) = preSolution
		HideSolutionNode = FALSE
	EndGlobalSection
EndGlobal
